{
  "name": "confused",
  "version": "1.0.0",
  "lockfileVersion": 1,
  "requires": true,
  "dependencies": {
    "@rabinage/dependency-confusion": {
      "version": "2.0.0",
      "resolved": "http://localhost:4873/@rabinage%2fdependency-confusion/-/dependency-confusion-2.0.0.tgz",
      "integrity": "sha512-cJveG7H+BbI0zM6Eux3EPnnTY1ne1vYd2vPsh+eg+A0QQB/XT3nLh5iPgMgsAMFKecofKwmA3hU8x74NmPO8Eg==",
      "requires": {
        "user": "0.0.0"
      }
    },
    "user": {
      "version": "0.0.0",
      "resolved": "http://localhost:4873/user/-/user-0.0.0.tgz",
      "integrity": "sha1-8n8bI/xRHyqO+kDbVc+6Ejgk4Co="
    }
  }
}
